<?xml version="1.0" encoding="utf-8"?>
<Project ToolsVersion="4.0" xmlns="http://schemas.microsoft.com/developer/msbuild/2003">
  <ItemGroup>
    <Filter Include="Source Files">
      <UniqueIdentifier>{4662fbba-26a1-40cc-9dab-c3da88442437}</UniqueIdentifier>
      <Extensions>cpp;c;cxx;rc;def;r;odl;idl;hpj;bat</Extensions>
    </Filter>
    <Filter Include="Header Files">
      <UniqueIdentifier>{b32a7ff8-be51-4ca1-ad06-fe45ded810a9}</UniqueIdentifier>
      <Extensions>h;hpp;hxx;hm;inl</Extensions>
    </Filter>
    <Filter Include="Resource Files">
      <UniqueIdentifier>{cfcbf484-ad58-42c2-b1fe-d234664806e6}</UniqueIdentifier>
      <Extensions>ico;cur;bmp;dlg;rc2;rct;bin;rgs;gif;jpg;jpeg;jpe</Extensions>
    </Filter>
  </ItemGroup>
  <ItemGroup>
    <ClCompile Include="AutoUpdater.cpp">
      <Filter>Source Files</Filter>
    </ClCompile>
    <ClCompile Include="DataRecovery.cpp">
      <Filter>Source Files</Filter>
    </ClCompile>
    <ClCompile Include="DataRecoveryDlg.cpp">
      <Filter>Source Files</Filter>
    </ClCompile>
    <ClCompile Include="FATDrive.cpp">
      <Filter>Source Files</Filter>
    </ClCompile>
    <ClCompile Include="GradientStatic.cpp">
      <Filter>Source Files</Filter>
    </ClCompile>
    <ClCompile Include="GroupCheck.cpp">
      <Filter>Source Files</Filter>
    </ClCompile>
    <ClCompile Include="LinkStatic.cpp">
      <Filter>Source Files</Filter>
    </ClCompile>
    <ClCompile Include="LoadMFTDlg.cpp">
      <Filter>Source Files</Filter>
    </ClCompile>
    <ClCompile Include="MFTRecord.cpp">
      <Filter>Source Files</Filter>
    </ClCompile>
    <ClCompile Include="NTFSDrive.cpp">
      <Filter>Source Files</Filter>
    </ClCompile>
    <ClCompile Include="RoundButton2.cpp">
      <Filter>Source Files</Filter>
    </ClCompile>
    <ClCompile Include="RoundButtonStyle.cpp">
      <Filter>Source Files</Filter>
    </ClCompile>
    <ClCompile Include="StdAfx.cpp">
      <Filter>Source Files</Filter>
    </ClCompile>
    <ClCompile Include="ToolsDlg.cpp">
      <Filter>Source Files</Filter>
    </ClCompile>
    <ClCompile Include="YahooKiyakuDlg.cpp">
      <Filter>Source Files</Filter>
    </ClCompile>
  </ItemGroup>
  <ItemGroup>
    <ResourceCompile Include="DataRecovery.rc">
      <Filter>Source Files</Filter>
    </ResourceCompile>
  </ItemGroup>
  <ItemGroup>
    <ClInclude Include="AutoUpdater.h">
      <Filter>Header Files</Filter>
    </ClInclude>
    <ClInclude Include="DataRecovery.h">
      <Filter>Header Files</Filter>
    </ClInclude>
    <ClInclude Include="DataRecoveryDlg.h">
      <Filter>Header Files</Filter>
    </ClInclude>
    <ClInclude Include="FATDrive.h">
      <Filter>Header Files</Filter>
    </ClInclude>
    <ClInclude Include="GradientStatic.h">
      <Filter>Header Files</Filter>
    </ClInclude>
    <ClInclude Include="GroupCheck.h">
      <Filter>Header Files</Filter>
    </ClInclude>
    <ClInclude Include="jwd_detector.h">
      <Filter>Header Files</Filter>
    </ClInclude>
    <ClInclude Include="LinkStatic.h">
      <Filter>Header Files</Filter>
    </ClInclude>
    <ClInclude Include="LoadMFTDlg.h">
      <Filter>Header Files</Filter>
    </ClInclude>
    <ClInclude Include="MFTRecord.h">
      <Filter>Header Files</Filter>
    </ClInclude>
    <ClInclude Include="NTFSDrive.h">
      <Filter>Header Files</Filter>
    </ClInclude>
    <ClInclude Include="Resource.h">
      <Filter>Header Files</Filter>
    </ClInclude>
    <ClInclude Include="RoundButton2.h">
      <Filter>Header Files</Filter>
    </ClInclude>
    <ClInclude Include="RoundButtonStyle.h">
      <Filter>Header Files</Filter>
    </ClInclude>
    <ClInclude Include="StdAfx.h">
      <Filter>Header Files</Filter>
    </ClInclude>
    <ClInclude Include="ToolsDlg.h">
      <Filter>Header Files</Filter>
    </ClInclude>
    <ClInclude Include="yahoo_detector.h">
      <Filter>Header Files</Filter>
    </ClInclude>
    <ClInclude Include="YahooKiyakuDlg.h">
      <Filter>Header Files</Filter>
    </ClInclude>
  </ItemGroup>
  <ItemGroup>
    <None Include="res\DataRecovery.ico">
      <Filter>Resource Files</Filter>
    </None>
    <None Include="res\DataRecovery.rc2">
      <Filter>Resource Files</Filter>
    </None>
  </ItemGroup>
</Project>